github.com/google/pprof v0.0.0-20181026152656-fde099a545de h1:FNVzWlo4xE8V0835Fzciova4asrBAb86Kxdyw+eXlWk=
github.com/google/pprof v0.0.0-20181026152656-fde099a545de/go.mod h1:zfwlbNMJ+OItoe0UupaVj+oy1omPYYDuagoSzA8v9mc=
github.com/ianlancetaylor/demangle v0.0.0-20180714043527-fcd258a6f0b4 h1:eWmTY5/yaZWgZR+HjyGOCXgM++IEwo/KgxxtYhai4LU=
github.com/ianlancetaylor/demangle v0.0.0-20180714043527-fcd258a6f0b4/go.mod h1:aSSvb/t6k1mPoxDqO4vJh6VOCGPwU4O0C2/Eqndh1Sc=
golang.org/x/arch v0.0.0-20180920145803-b19384d3c130 h1:Vsc61gop4hfHdzQNolo6Fi/sw7TnJ2yl3ZR4i7bYirs=
golang.org/x/arch v0.0.0-20180920145803-b19384d3c130/go.mod h1:cYlCBUl1MsqxdiKgmc4uh7TxZfWSFLOGSRR090WDxt8=
golang.org/x/crypto v0.0.0-20181029021203-45a5f77698d3 h1:KYQXGkl6vs02hK7pK4eIbw0NpNPedieTSTEiJ//bwGs=
golang.org/x/crypto v0.0.0-20181029021203-45a5f77698d3/go.mod h1:6SG95UA2DQfeDnfUPMdvaQW0Q7yPrPDi9nlGo2tz2b4=
golang.org/x/sys v0.0.0-20181026203630-95b1ffbd15a5 h1:x6r4Jo0KNzOOzYd8lbcRsqjuqEASK6ob3auvWYM4/8U=
golang.org/x/sys v0.0.0-20181026203630-95b1ffbd15a5/go.mod h1:STP8DvDyc/dI5b8T5hshtkjS+E42TnysNCUPdjciGhY=
